
Microsoft Visual Studio Solution File, Format Version 12.00
# Visual Studio Version 17
VisualStudioVersion = 17.8.34322.80
MinimumVisualStudioVersion = 10.0.40219.1
Project("{FAE04EC0-301F-11D3-BF4B-00C04F79EFBC}") = "Sergienko-Photographer-Project", "Sergienko-Photographer-Project\Sergienko-Photographer-Project.csproj", "{26AD7B02-6A41-4873-9BCA-4A77A526B74E}"
EndProject
Global
	GlobalSection(SolutionConfigurationPlatforms) = preSolution
		Debug|Any CPU = Debug|Any CPU
		Release|Any CPU = Release|Any CPU
	EndGlobalSection
	GlobalSection(ProjectConfigurationPlatforms) = postSolution
		{26AD7B02-6A41-4873-9BCA-4A77A526B74E}.Debug|Any CPU.ActiveCfg = Debug|Any CPU
		{26AD7B02-6A41-4873-9BCA-4A77A526B74E}.Debug|Any CPU.Build.0 = Debug|Any CPU
		{26AD7B02-6A41-4873-9BCA-4A77A526B74E}.Release|Any CPU.ActiveCfg = Release|Any CPU
		{26AD7B02-6A41-4873-9BCA-4A77A526B74E}.Release|Any CPU.Build.0 = Release|Any CPU
	EndGlobalSection
	GlobalSection(SolutionProperties) = preSolution
		HideSolutionNode = FALSE
	EndGlobalSection
	GlobalSection(ExtensibilityGlobals) = postSolution
		SolutionGuid = {2667E77E-AFA5-4E34-9DD6-6F22E59D4099}
	EndGlobalSection
EndGlobal
